
Microsoft Visual Studio Solution File, Format Version 12.00
# Visual Studio 14
VisualStudioVersion = 14.0.23107.0
MinimumVisualStudioVersion = 10.0.40219.1
Project("{2150E333-8FDC-42A3-9474-1A3956D46DE8}") = "Engine", "Engine", "{1180E6A4-B0D1-4494-8B30-825102FE7D28}"
EndProject
Project("{2150E333-8FDC-42A3-9474-1A3956D46DE8}") = "Games", "Games", "{CACA4537-65ED-4362-B928-124EE0032C41}"
EndProject
Project("{8BC9CEB8-8B4A-11D0-8D11-00A0C91BC942}") = "UE4", "Intermediate\ProjectFiles\UE4.vcxproj", "{003DEC62-F138-4565-AAB4-0098061BE510}"
EndProject
Project("{8BC9CEB8-8B4A-11D0-8D11-00A0C91BC942}") = "cpu", "Intermediate\ProjectFiles\cpu.vcxproj", "{4F3250E8-94EE-405D-B880-0A0E0EA1ACAD}"
EndProject
Global
	GlobalSection(SolutionConfigurationPlatforms) = preSolution
		DebugGame Editor|Win32 = DebugGame Editor|Win32
		DebugGame Editor|Win64 = DebugGame Editor|Win64
		DebugGame|Win32 = DebugGame|Win32
		DebugGame|Win64 = DebugGame|Win64
		Development Editor|Win32 = Development Editor|Win32
		Development Editor|Win64 = Development Editor|Win64
		Development|Win32 = Development|Win32
		Development|Win64 = Development|Win64
		Shipping|Win32 = Shipping|Win32
		Shipping|Win64 = Shipping|Win64
	EndGlobalSection
	GlobalSection(ProjectConfigurationPlatforms) = postSolution
		{003DEC62-F138-4565-AAB4-0098061BE510}.DebugGame Editor|Win32.ActiveCfg = BuiltWithUnrealBuildTool|Win32
		{003DEC62-F138-4565-AAB4-0098061BE510}.DebugGame Editor|Win32.Build.0 = BuiltWithUnrealBuildTool|Win32
		{003DEC62-F138-4565-AAB4-0098061BE510}.DebugGame Editor|Win64.ActiveCfg = BuiltWithUnrealBuildTool|Win32
		{003DEC62-F138-4565-AAB4-0098061BE510}.DebugGame Editor|Win64.Build.0 = BuiltWithUnrealBuildTool|Win32
		{003DEC62-F138-4565-AAB4-0098061BE510}.DebugGame|Win32.ActiveCfg = BuiltWithUnrealBuildTool|Win32
		{003DEC62-F138-4565-AAB4-0098061BE510}.DebugGame|Win32.Build.0 = BuiltWithUnrealBuildTool|Win32
		{003DEC62-F138-4565-AAB4-0098061BE510}.DebugGame|Win64.ActiveCfg = BuiltWithUnrealBuildTool|Win32
		{003DEC62-F138-4565-AAB4-0098061BE510}.DebugGame|Win64.Build.0 = BuiltWithUnrealBuildTool|Win32
		{003DEC62-F138-4565-AAB4-0098061BE510}.Development Editor|Win32.ActiveCfg = BuiltWithUnrealBuildTool|Win32
		{003DEC62-F138-4565-AAB4-0098061BE510}.Development Editor|Win32.Build.0 = BuiltWithUnrealBuildTool|Win32
		{003DEC62-F138-4565-AAB4-0098061BE510}.Development Editor|Win64.ActiveCfg = BuiltWithUnrealBuildTool|Win32
		{003DEC62-F138-4565-AAB4-0098061BE510}.Development Editor|Win64.Build.0 = BuiltWithUnrealBuildTool|Win32
		{003DEC62-F138-4565-AAB4-0098061BE510}.Development|Win32.ActiveCfg = BuiltWithUnrealBuildTool|Win32
		{003DEC62-F138-4565-AAB4-0098061BE510}.Development|Win32.Build.0 = BuiltWithUnrealBuildTool|Win32
		{003DEC62-F138-4565-AAB4-0098061BE510}.Development|Win64.ActiveCfg = BuiltWithUnrealBuildTool|Win32
		{003DEC62-F138-4565-AAB4-0098061BE510}.Development|Win64.Build.0 = BuiltWithUnrealBuildTool|Win32
		{003DEC62-F138-4565-AAB4-0098061BE510}.Shipping|Win32.ActiveCfg = BuiltWithUnrealBuildTool|Win32
		{003DEC62-F138-4565-AAB4-0098061BE510}.Shipping|Win32.Build.0 = BuiltWithUnrealBuildTool|Win32
		{003DEC62-F138-4565-AAB4-0098061BE510}.Shipping|Win64.ActiveCfg = BuiltWithUnrealBuildTool|Win32
		{003DEC62-F138-4565-AAB4-0098061BE510}.Shipping|Win64.Build.0 = BuiltWithUnrealBuildTool|Win32
		{4F3250E8-94EE-405D-B880-0A0E0EA1ACAD}.DebugGame Editor|Win32.ActiveCfg = DebugGame_Editor|Win32
		{4F3250E8-94EE-405D-B880-0A0E0EA1ACAD}.DebugGame Editor|Win32.Build.0 = DebugGame_Editor|Win32
		{4F3250E8-94EE-405D-B880-0A0E0EA1ACAD}.DebugGame Editor|Win64.ActiveCfg = DebugGame_Editor|x64
		{4F3250E8-94EE-405D-B880-0A0E0EA1ACAD}.DebugGame Editor|Win64.Build.0 = DebugGame_Editor|x64
		{4F3250E8-94EE-405D-B880-0A0E0EA1ACAD}.DebugGame|Win32.ActiveCfg = DebugGame_Game|Win32
		{4F3250E8-94EE-405D-B880-0A0E0EA1ACAD}.DebugGame|Win32.Build.0 = DebugGame_Game|Win32
		{4F3250E8-94EE-405D-B880-0A0E0EA1ACAD}.DebugGame|Win64.ActiveCfg = DebugGame_Game|x64
		{4F3250E8-94EE-405D-B880-0A0E0EA1ACAD}.DebugGame|Win64.Build.0 = DebugGame_Game|x64
		{4F3250E8-94EE-405D-B880-0A0E0EA1ACAD}.Development Editor|Win32.ActiveCfg = Development_Editor|Win32
		{4F3250E8-94EE-405D-B880-0A0E0EA1ACAD}.Development Editor|Win32.Build.0 = Development_Editor|Win32
		{4F3250E8-94EE-405D-B880-0A0E0EA1ACAD}.Development Editor|Win64.ActiveCfg = Development_Editor|x64
		{4F3250E8-94EE-405D-B880-0A0E0EA1ACAD}.Development Editor|Win64.Build.0 = Development_Editor|x64
		{4F3250E8-94EE-405D-B880-0A0E0EA1ACAD}.Development|Win32.ActiveCfg = Development_Game|Win32
		{4F3250E8-94EE-405D-B880-0A0E0EA1ACAD}.Development|Win32.Build.0 = Development_Game|Win32
		{4F3250E8-94EE-405D-B880-0A0E0EA1ACAD}.Development|Win64.ActiveCfg = Development_Game|x64
		{4F3250E8-94EE-405D-B880-0A0E0EA1ACAD}.Development|Win64.Build.0 = Development_Game|x64
		{4F3250E8-94EE-405D-B880-0A0E0EA1ACAD}.Shipping|Win32.ActiveCfg = Shipping_Game|Win32
		{4F3250E8-94EE-405D-B880-0A0E0EA1ACAD}.Shipping|Win32.Build.0 = Shipping_Game|Win32
		{4F3250E8-94EE-405D-B880-0A0E0EA1ACAD}.Shipping|Win64.ActiveCfg = Shipping_Game|x64
		{4F3250E8-94EE-405D-B880-0A0E0EA1ACAD}.Shipping|Win64.Build.0 = Shipping_Game|x64
	EndGlobalSection
	GlobalSection(SolutionProperties) = preSolution
		HideSolutionNode = FALSE
	EndGlobalSection
	GlobalSection(NestedProjects) = preSolution
		{003DEC62-F138-4565-AAB4-0098061BE510} = {1180E6A4-B0D1-4494-8B30-825102FE7D28}
		{4F3250E8-94EE-405D-B880-0A0E0EA1ACAD} = {CACA4537-65ED-4362-B928-124EE0032C41}
	EndGlobalSection
EndGlobal
